// !$*UTF8*$!
{
	archiveVersion = 1;
	classes = {
	};
	objectVersion = 45;
	objects = {

/* Begin PBXBuildFile section */
		1A3C7170118F4E0600EE06ED /* MapKit.framework in Frameworks */ = {isa = PBXBuildFile; fileRef = 1A3C716F118F4E0600EE06ED /* MapKit.framework */; };
		1A3C7176118F4E0A00EE06ED /* CoreLocation.framework in Frameworks */ = {isa = PBXBuildFile; fileRef = 1A3C7175118F4E0A00EE06ED /* CoreLocation.framework */; };
		1A3C719D118F4EEC00EE06ED /* CrumbPath.m in Sources */ = {isa = PBXBuildFile; fileRef = 1A3C719C118F4EEC00EE06ED /* CrumbPath.m */; };
		1A3C71A7118F65C400EE06ED /* CrumbPathView.m in Sources */ = {isa = PBXBuildFile; fileRef = 1A3C71A6118F65C400EE06ED /* CrumbPathView.m */; };
		1D3623260D0F684500981E51 /* BreadcrumbAppDelegate.m in Sources */ = {isa = PBXBuildFile; fileRef = 1D3623250D0F684500981E51 /* BreadcrumbAppDelegate.m */; };
		1D60589B0D05DD56006BFB54 /* main.m in Sources */ = {isa = PBXBuildFile; fileRef = 29B97316FDCFA39411CA2CEA /* main.m */; };
		1D60589F0D05DD5A006BFB54 /* Foundation.framework in Frameworks */ = {isa = PBXBuildFile; fileRef = 1D30AB110D05D00D00671497 /* Foundation.framework */; };
		1DF5F4E00D08C38300B7A737 /* UIKit.framework in Frameworks */ = {isa = PBXBuildFile; fileRef = 1DF5F4DF0D08C38300B7A737 /* UIKit.framework */; };
		288765A50DF7441C002DB57D /* CoreGraphics.framework in Frameworks */ = {isa = PBXBuildFile; fileRef = 288765A40DF7441C002DB57D /* CoreGraphics.framework */; };
		28D7ACF80DDB3853001CB0EB /* BreadcrumbViewController.m in Sources */ = {isa = PBXBuildFile; fileRef = 28D7ACF70DDB3853001CB0EB /* BreadcrumbViewController.m */; };
		53025D4D11DD5352007F367B /* Icon-72.png in Resources */ = {isa = PBXBuildFile; fileRef = 53025D4611DD5352007F367B /* Icon-72.png */; };
		53025D4E11DD5352007F367B /* Icon-Small-50.png in Resources */ = {isa = PBXBuildFile; fileRef = 53025D4711DD5352007F367B /* Icon-Small-50.png */; };
		53025D4F11DD5352007F367B /* Icon-Small.png in Resources */ = {isa = PBXBuildFile; fileRef = 53025D4811DD5352007F367B /* Icon-Small.png */; };
		53025D5011DD5352007F367B /* Icon-Small@2x.png in Resources */ = {isa = PBXBuildFile; fileRef = 53025D4911DD5352007F367B /* Icon-Small@2x.png */; };
		53025D5111DD5352007F367B /* Icon.png in Resources */ = {isa = PBXBuildFile; fileRef = 53025D4A11DD5352007F367B /* Icon.png */; };
		53025D5211DD5352007F367B /* Icon@2x.png in Resources */ = {isa = PBXBuildFile; fileRef = 53025D4B11DD5352007F367B /* Icon@2x.png */; };
		53025D5311DD5352007F367B /* iTunesArtwork in Resources */ = {isa = PBXBuildFile; fileRef = 53025D4C11DD5352007F367B /* iTunesArtwork */; };
		53A6574011DBF7F900BEC507 /* BreadcrumbViewController.xib in Resources */ = {isa = PBXBuildFile; fileRef = 53A6573C11DBF7F900BEC507 /* BreadcrumbViewController.xib */; };
		53A6574111DBF7F900BEC507 /* MainWindow.xib in Resources */ = {isa = PBXBuildFile; fileRef = 53A6573E11DBF7F900BEC507 /* MainWindow.xib */; };
		AA4F71A51251061F0011D4CB /* FTLocationSimulator.m in Sources */ = {isa = PBXBuildFile; fileRef = AA4F71A41251061F0011D4CB /* FTLocationSimulator.m */; };
		AA4F71A9125106310011D4CB /* RegexKitLite.m in Sources */ = {isa = PBXBuildFile; fileRef = AA4F71A8125106310011D4CB /* RegexKitLite.m */; };
		AA4F71AB1251063B0011D4CB /* fakeLocations.kml in Resources */ = {isa = PBXBuildFile; fileRef = AA4F71AA1251063B0011D4CB /* fakeLocations.kml */; };
		AAA83B5A124B62F400957D44 /* TrackingDot.png in Resources */ = {isa = PBXBuildFile; fileRef = AAA83B58124B62F400957D44 /* TrackingDot.png */; };
		AAA83B5B124B62F400957D44 /* TrackingDot@2x.png in Resources */ = {isa = PBXBuildFile; fileRef = AAA83B59124B62F400957D44 /* TrackingDot@2x.png */; };
/* End PBXBuildFile section */

/* Begin PBXFileReference section */
		1A3C716F118F4E0600EE06ED /* MapKit.framework */ = {isa = PBXFileReference; lastKnownFileType = wrapper.framework; name = MapKit.framework; path = System/Library/Frameworks/MapKit.framework; sourceTree = SDKROOT; };
		1A3C7175118F4E0A00EE06ED /* CoreLocation.framework */ = {isa = PBXFileReference; lastKnownFileType = wrapper.framework; name = CoreLocation.framework; path = System/Library/Frameworks/CoreLocation.framework; sourceTree = SDKROOT; };
		1A3C719B118F4EEC00EE06ED /* CrumbPath.h */ = {isa = PBXFileReference; fileEncoding = 4; lastKnownFileType = sourcecode.c.h; path = CrumbPath.h; sourceTree = "<group>"; };
		1A3C719C118F4EEC00EE06ED /* CrumbPath.m */ = {isa = PBXFileReference; fileEncoding = 4; lastKnownFileType = sourcecode.c.objc; path = CrumbPath.m; sourceTree = "<group>"; };
		1A3C71A5118F65C400EE06ED /* CrumbPathView.h */ = {isa = PBXFileReference; fileEncoding = 4; lastKnownFileType = sourcecode.c.h; path = CrumbPathView.h; sourceTree = "<group>"; };
		1A3C71A6118F65C400EE06ED /* CrumbPathView.m */ = {isa = PBXFileReference; fileEncoding = 4; lastKnownFileType = sourcecode.c.objc; path = CrumbPathView.m; sourceTree = "<group>"; };
		1D30AB110D05D00D00671497 /* Foundation.framework */ = {isa = PBXFileReference; lastKnownFileType = wrapper.framework; name = Foundation.framework; path = System/Library/Frameworks/Foundation.framework; sourceTree = SDKROOT; };
		1D3623240D0F684500981E51 /* BreadcrumbAppDelegate.h */ = {isa = PBXFileReference; fileEncoding = 4; lastKnownFileType = sourcecode.c.h; path = BreadcrumbAppDelegate.h; sourceTree = "<group>"; };
		1D3623250D0F684500981E51 /* BreadcrumbAppDelegate.m */ = {isa = PBXFileReference; fileEncoding = 4; lastKnownFileType = sourcecode.c.objc; path = BreadcrumbAppDelegate.m; sourceTree = "<group>"; };
		1D6058910D05DD3D006BFB54 /* Breadcrumb.app */ = {isa = PBXFileReference; explicitFileType = wrapper.application; includeInIndex = 0; path = Breadcrumb.app; sourceTree = BUILT_PRODUCTS_DIR; };
		1DF5F4DF0D08C38300B7A737 /* UIKit.framework */ = {isa = PBXFileReference; lastKnownFileType = wrapper.framework; name = UIKit.framework; path = System/Library/Frameworks/UIKit.framework; sourceTree = SDKROOT; };
		288765A40DF7441C002DB57D /* CoreGraphics.framework */ = {isa = PBXFileReference; lastKnownFileType = wrapper.framework; name = CoreGraphics.framework; path = System/Library/Frameworks/CoreGraphics.framework; sourceTree = SDKROOT; };
		28D7ACF60DDB3853001CB0EB /* BreadcrumbViewController.h */ = {isa = PBXFileReference; fileEncoding = 4; lastKnownFileType = sourcecode.c.h; path = BreadcrumbViewController.h; sourceTree = "<group>"; };
		28D7ACF70DDB3853001CB0EB /* BreadcrumbViewController.m */ = {isa = PBXFileReference; fileEncoding = 4; lastKnownFileType = sourcecode.c.objc; path = BreadcrumbViewController.m; sourceTree = "<group>"; };
		29B97316FDCFA39411CA2CEA /* main.m */ = {isa = PBXFileReference; fileEncoding = 4; lastKnownFileType = sourcecode.c.objc; path = main.m; sourceTree = "<group>"; };
		32CA4F630368D1EE00C91783 /* Breadcrumb_Prefix.pch */ = {isa = PBXFileReference; fileEncoding = 4; lastKnownFileType = sourcecode.c.h; path = Breadcrumb_Prefix.pch; sourceTree = "<group>"; };
		53025D4611DD5352007F367B /* Icon-72.png */ = {isa = PBXFileReference; lastKnownFileType = image.png; path = "Icon-72.png"; sourceTree = "<group>"; };
		53025D4711DD5352007F367B /* Icon-Small-50.png */ = {isa = PBXFileReference; lastKnownFileType = image.png; path = "Icon-Small-50.png"; sourceTree = "<group>"; };
		53025D4811DD5352007F367B /* Icon-Small.png */ = {isa = PBXFileReference; lastKnownFileType = image.png; path = "Icon-Small.png"; sourceTree = "<group>"; };
		53025D4911DD5352007F367B /* Icon-Small@2x.png */ = {isa = PBXFileReference; lastKnownFileType = image.png; path = "Icon-Small@2x.png"; sourceTree = "<group>"; };
		53025D4A11DD5352007F367B /* Icon.png */ = {isa = PBXFileReference; lastKnownFileType = image.png; path = Icon.png; sourceTree = "<group>"; };
		53025D4B11DD5352007F367B /* Icon@2x.png */ = {isa = PBXFileReference; lastKnownFileType = image.png; path = "Icon@2x.png"; sourceTree = "<group>"; };
		53025D4C11DD5352007F367B /* iTunesArtwork */ = {isa = PBXFileReference; lastKnownFileType = file; path = iTunesArtwork; sourceTree = "<group>"; };
		532F37D4121C38EB0025B0F4 /* ReadMe.txt */ = {isa = PBXFileReference; fileEncoding = 4; lastKnownFileType = text; path = ReadMe.txt; sourceTree = "<group>"; };
		53A6573D11DBF7F900BEC507 /* en */ = {isa = PBXFileReference; lastKnownFileType = file.xib; name = en; path = en.lproj/BreadcrumbViewController.xib; sourceTree = "<group>"; };
		53A6573F11DBF7F900BEC507 /* en */ = {isa = PBXFileReference; lastKnownFileType = file.xib; name = en; path = en.lproj/MainWindow.xib; sourceTree = "<group>"; };
		8D1107310486CEB800E47090 /* Breadcrumb-Info.plist */ = {isa = PBXFileReference; fileEncoding = 4; lastKnownFileType = text.plist.xml; path = "Breadcrumb-Info.plist"; plistStructureDefinitionIdentifier = "com.apple.xcode.plist.structure-definition.iphone.info-plist"; sourceTree = "<group>"; };
		AA4F71A31251061F0011D4CB /* FTLocationSimulator.h */ = {isa = PBXFileReference; fileEncoding = 4; lastKnownFileType = sourcecode.c.h; name = FTLocationSimulator.h; path = ../FTLocationSimulator/FTLocationSimulator.h; sourceTree = SOURCE_ROOT; };
		AA4F71A41251061F0011D4CB /* FTLocationSimulator.m */ = {isa = PBXFileReference; fileEncoding = 4; lastKnownFileType = sourcecode.c.objc; name = FTLocationSimulator.m; path = ../FTLocationSimulator/FTLocationSimulator.m; sourceTree = SOURCE_ROOT; };
		AA4F71A7125106310011D4CB /* RegexKitLite.h */ = {isa = PBXFileReference; fileEncoding = 4; lastKnownFileType = sourcecode.c.h; name = RegexKitLite.h; path = ../FTLocationSimulator/RegexKitLite.h; sourceTree = SOURCE_ROOT; };
		AA4F71A8125106310011D4CB /* RegexKitLite.m */ = {isa = PBXFileReference; fileEncoding = 4; lastKnownFileType = sourcecode.c.objc; name = RegexKitLite.m; path = ../FTLocationSimulator/RegexKitLite.m; sourceTree = SOURCE_ROOT; };
		AA4F71AA1251063B0011D4CB /* fakeLocations.kml */ = {isa = PBXFileReference; fileEncoding = 4; lastKnownFileType = text.xml; name = fakeLocations.kml; path = ../FTLocationSimulator/fakeLocations.kml; sourceTree = SOURCE_ROOT; };
		AAA83B58124B62F400957D44 /* TrackingDot.png */ = {isa = PBXFileReference; lastKnownFileType = image.png; path = TrackingDot.png; sourceTree = "<group>"; };
		AAA83B59124B62F400957D44 /* TrackingDot@2x.png */ = {isa = PBXFileReference; lastKnownFileType = image.png; path = "TrackingDot@2x.png"; sourceTree = "<group>"; };
/* End PBXFileReference section */

/* Begin PBXFrameworksBuildPhase section */
		1D60588F0D05DD3D006BFB54 /* Frameworks */ = {
			isa = PBXFrameworksBuildPhase;
			buildActionMask = 2147483647;
			files = (
				1D60589F0D05DD5A006BFB54 /* Foundation.framework in Frameworks */,
				1DF5F4E00D08C38300B7A737 /* UIKit.framework in Frameworks */,
				288765A50DF7441C002DB57D /* CoreGraphics.framework in Frameworks */,
				1A3C7170118F4E0600EE06ED /* MapKit.framework in Frameworks */,
				1A3C7176118F4E0A00EE06ED /* CoreLocation.framework in Frameworks */,
			);
			runOnlyForDeploymentPostprocessing = 0;
		};
/* End PBXFrameworksBuildPhase section */

/* Begin PBXGroup section */
		080E96DDFE201D6D7F000001 /* Classes */ = {
			isa = PBXGroup;
			children = (
				AA491143125104DF005E0295 /* FTLocationSimulator */,
				1A3C719E118F527000EE06ED /* Overlay */,
				1D3623240D0F684500981E51 /* BreadcrumbAppDelegate.h */,
				1D3623250D0F684500981E51 /* BreadcrumbAppDelegate.m */,
				28D7ACF60DDB3853001CB0EB /* BreadcrumbViewController.h */,
				28D7ACF70DDB3853001CB0EB /* BreadcrumbViewController.m */,
			);
			path = Classes;
			sourceTree = "<group>";
		};
		19C28FACFE9D520D11CA2CBB /* Products */ = {
			isa = PBXGroup;
			children = (
				1D6058910D05DD3D006BFB54 /* Breadcrumb.app */,
			);
			name = Products;
			sourceTree = "<group>";
		};
		1A3C719E118F527000EE06ED /* Overlay */ = {
			isa = PBXGroup;
			children = (
				1A3C719B118F4EEC00EE06ED /* CrumbPath.h */,
				1A3C719C118F4EEC00EE06ED /* CrumbPath.m */,
				1A3C71A5118F65C400EE06ED /* CrumbPathView.h */,
				1A3C71A6118F65C400EE06ED /* CrumbPathView.m */,
			);
			name = Overlay;
			sourceTree = "<group>";
		};
		29B97314FDCFA39411CA2CEA /* CustomTemplate */ = {
			isa = PBXGroup;
			children = (
				532F37D4121C38EB0025B0F4 /* ReadMe.txt */,
				080E96DDFE201D6D7F000001 /* Classes */,
				29B97315FDCFA39411CA2CEA /* Other Sources */,
				29B97317FDCFA39411CA2CEA /* Resources */,
				29B97323FDCFA39411CA2CEA /* Frameworks */,
				19C28FACFE9D520D11CA2CBB /* Products */,
			);
			name = CustomTemplate;
			sourceTree = "<group>";
		};
		29B97315FDCFA39411CA2CEA /* Other Sources */ = {
			isa = PBXGroup;
			children = (
				32CA4F630368D1EE00C91783 /* Breadcrumb_Prefix.pch */,
				29B97316FDCFA39411CA2CEA /* main.m */,
			);
			name = "Other Sources";
			sourceTree = "<group>";
		};
		29B97317FDCFA39411CA2CEA /* Resources */ = {
			isa = PBXGroup;
			children = (
				8D1107310486CEB800E47090 /* Breadcrumb-Info.plist */,
				53025D4511DD5352007F367B /* images */,
				53A6573C11DBF7F900BEC507 /* BreadcrumbViewController.xib */,
				53A6573E11DBF7F900BEC507 /* MainWindow.xib */,
			);
			name = Resources;
			sourceTree = "<group>";
		};
		29B97323FDCFA39411CA2CEA /* Frameworks */ = {
			isa = PBXGroup;
			children = (
				1A3C716F118F4E0600EE06ED /* MapKit.framework */,
				1A3C7175118F4E0A00EE06ED /* CoreLocation.framework */,
				1DF5F4DF0D08C38300B7A737 /* UIKit.framework */,
				1D30AB110D05D00D00671497 /* Foundation.framework */,
				288765A40DF7441C002DB57D /* CoreGraphics.framework */,
			);
			name = Frameworks;
			sourceTree = "<group>";
		};
		53025D4511DD5352007F367B /* images */ = {
			isa = PBXGroup;
			children = (
				AAA83B58124B62F400957D44 /* TrackingDot.png */,
				AAA83B59124B62F400957D44 /* TrackingDot@2x.png */,
				53025D4611DD5352007F367B /* Icon-72.png */,
				53025D4711DD5352007F367B /* Icon-Small-50.png */,
				53025D4811DD5352007F367B /* Icon-Small.png */,
				53025D4911DD5352007F367B /* Icon-Small@2x.png */,
				53025D4A11DD5352007F367B /* Icon.png */,
				53025D4B11DD5352007F367B /* Icon@2x.png */,
				53025D4C11DD5352007F367B /* iTunesArtwork */,
			);
			path = images;
			sourceTree = "<group>";
		};
		AA491143125104DF005E0295 /* FTLocationSimulator */ = {
			isa = PBXGroup;
			children = (
				AAA83AB9124B5E0000957D44 /* RegexKitLite */,
				AA4F71A31251061F0011D4CB /* FTLocationSimulator.h */,
				AA4F71A41251061F0011D4CB /* FTLocationSimulator.m */,
				AA4F71AA1251063B0011D4CB /* fakeLocations.kml */,
			);
			name = FTLocationSimulator;
			sourceTree = "<group>";
		};
		AAA83AB9124B5E0000957D44 /* RegexKitLite */ = {
			isa = PBXGroup;
			children = (
				AA4F71A7125106310011D4CB /* RegexKitLite.h */,
				AA4F71A8125106310011D4CB /* RegexKitLite.m */,
			);
			name = RegexKitLite;
			sourceTree = "<group>";
		};
/* End PBXGroup section */

/* Begin PBXNativeTarget section */
		1D6058900D05DD3D006BFB54 /* Breadcrumb */ = {
			isa = PBXNativeTarget;
			buildConfigurationList = 1D6058960D05DD3E006BFB54 /* Build configuration list for PBXNativeTarget "Breadcrumb" */;
			buildPhases = (
				1D60588D0D05DD3D006BFB54 /* Resources */,
				1D60588E0D05DD3D006BFB54 /* Sources */,
				1D60588F0D05DD3D006BFB54 /* Frameworks */,
			);
			buildRules = (
			);
			dependencies = (
			);
			name = Breadcrumb;
			productName = Breadcrumb;
			productReference = 1D6058910D05DD3D006BFB54 /* Breadcrumb.app */;
			productType = "com.apple.product-type.application";
		};
/* End PBXNativeTarget section */

/* Begin PBXProject section */
		29B97313FDCFA39411CA2CEA /* Project object */ = {
			isa = PBXProject;
			buildConfigurationList = C01FCF4E08A954540054247B /* Build configuration list for PBXProject "Breadcrumb" */;
			compatibilityVersion = "Xcode 3.1";
			developmentRegion = English;
			hasScannedForEncodings = 1;
			knownRegions = (
				English,
				Japanese,
				French,
				German,
				en,
			);
			mainGroup = 29B97314FDCFA39411CA2CEA /* CustomTemplate */;
			projectDirPath = "";
			projectRoot = "";
			targets = (
				1D6058900D05DD3D006BFB54 /* Breadcrumb */,
			);
		};
/* End PBXProject section */

/* Begin PBXResourcesBuildPhase section */
		1D60588D0D05DD3D006BFB54 /* Resources */ = {
			isa = PBXResourcesBuildPhase;
			buildActionMask = 2147483647;
			files = (
				53A6574011DBF7F900BEC507 /* BreadcrumbViewController.xib in Resources */,
				53A6574111DBF7F900BEC507 /* MainWindow.xib in Resources */,
				53025D4D11DD5352007F367B /* Icon-72.png in Resources */,
				53025D4E11DD5352007F367B /* Icon-Small-50.png in Resources */,
				53025D4F11DD5352007F367B /* Icon-Small.png in Resources */,
				53025D5011DD5352007F367B /* Icon-Small@2x.png in Resources */,
				53025D5111DD5352007F367B /* Icon.png in Resources */,
				53025D5211DD5352007F367B /* Icon@2x.png in Resources */,
				53025D5311DD5352007F367B /* iTunesArtwork in Resources */,
				AAA83B5A124B62F400957D44 /* TrackingDot.png in Resources */,
				AAA83B5B124B62F400957D44 /* TrackingDot@2x.png in Resources */,
				AA4F71AB1251063B0011D4CB /* fakeLocations.kml in Resources */,
			);
			runOnlyForDeploymentPostprocessing = 0;
		};
/* End PBXResourcesBuildPhase section */

/* Begin PBXSourcesBuildPhase section */
		1D60588E0D05DD3D006BFB54 /* Sources */ = {
			isa = PBXSourcesBuildPhase;
			buildActionMask = 2147483647;
			files = (
				1D60589B0D05DD56006BFB54 /* main.m in Sources */,
				1D3623260D0F684500981E51 /* BreadcrumbAppDelegate.m in Sources */,
				28D7ACF80DDB3853001CB0EB /* BreadcrumbViewController.m in Sources */,
				1A3C719D118F4EEC00EE06ED /* CrumbPath.m in Sources */,
				1A3C71A7118F65C400EE06ED /* CrumbPathView.m in Sources */,
				AA4F71A51251061F0011D4CB /* FTLocationSimulator.m in Sources */,
				AA4F71A9125106310011D4CB /* RegexKitLite.m in Sources */,
			);
			runOnlyForDeploymentPostprocessing = 0;
		};
/* End PBXSourcesBuildPhase section */

/* Begin PBXVariantGroup section */
		53A6573C11DBF7F900BEC507 /* BreadcrumbViewController.xib */ = {
			isa = PBXVariantGroup;
			children = (
				53A6573D11DBF7F900BEC507 /* en */,
			);
			name = BreadcrumbViewController.xib;
			sourceTree = "<group>";
		};
		53A6573E11DBF7F900BEC507 /* MainWindow.xib */ = {
			isa = PBXVariantGroup;
			children = (
				53A6573F11DBF7F900BEC507 /* en */,
			);
			name = MainWindow.xib;
			sourceTree = "<group>";
		};
/* End PBXVariantGroup section */

/* Begin XCBuildConfiguration section */
		1D6058940D05DD3E006BFB54 /* Debug */ = {
			isa = XCBuildConfiguration;
			buildSettings = {
				ALWAYS_SEARCH_USER_PATHS = NO;
				COPY_PHASE_STRIP = NO;
				GCC_DYNAMIC_NO_PIC = NO;
				GCC_OPTIMIZATION_LEVEL = 0;
				GCC_PRECOMPILE_PREFIX_HEADER = YES;
				GCC_PREFIX_HEADER = Breadcrumb_Prefix.pch;
				INFOPLIST_FILE = "Breadcrumb-Info.plist";
				IPHONEOS_DEPLOYMENT_TARGET = 4.0;
				OTHER_LDFLAGS = "-licucore";
				PRODUCT_NAME = Breadcrumb;
				SDKROOT = iphoneos;
			};
			name = Debug;
		};
		1D6058950D05DD3E006BFB54 /* Release */ = {
			isa = XCBuildConfiguration;
			buildSettings = {
				ALWAYS_SEARCH_USER_PATHS = NO;
				COPY_PHASE_STRIP = YES;
				GCC_PRECOMPILE_PREFIX_HEADER = YES;
				GCC_PREFIX_HEADER = Breadcrumb_Prefix.pch;
				INFOPLIST_FILE = "Breadcrumb-Info.plist";
				IPHONEOS_DEPLOYMENT_TARGET = 4.0;
				OTHER_LDFLAGS = "-licucore";
				PRODUCT_NAME = Breadcrumb;
				SDKROOT = iphoneos;
				VALIDATE_PRODUCT = YES;
			};
			name = Release;
		};
		C01FCF4F08A954540054247B /* Debug */ = {
			isa = XCBuildConfiguration;
			buildSettings = {
				ARCHS = "$(ARCHS_STANDARD_32_BIT)";
				"CODE_SIGN_IDENTITY[sdk=iphoneos*]" = "iPhone Developer";
				GCC_C_LANGUAGE_STANDARD = c99;
				GCC_VERSION = com.apple.compilers.llvm.clang.1_0;
				GCC_WARN_ABOUT_RETURN_TYPE = YES;
				GCC_WARN_UNUSED_VARIABLE = YES;
				PREBINDING = NO;
				SDKROOT = iphoneos;
			};
			name = Debug;
		};
		C01FCF5008A954540054247B /* Release */ = {
			isa = XCBuildConfiguration;
			buildSettings = {
				ARCHS = "$(ARCHS_STANDARD_32_BIT)";
				"CODE_SIGN_IDENTITY[sdk=iphoneos*]" = "iPhone Developer";
				GCC_C_LANGUAGE_STANDARD = c99;
				GCC_VERSION = com.apple.compilers.llvm.clang.1_0;
				GCC_WARN_ABOUT_RETURN_TYPE = YES;
				GCC_WARN_UNUSED_VARIABLE = YES;
				OTHER_CFLAGS = "-DNS_BLOCK_ASSERTIONS=1";
				PREBINDING = NO;
				SDKROOT = iphoneos;
			};
			name = Release;
		};
/* End XCBuildConfiguration section */

/* Begin XCConfigurationList section */
		1D6058960D05DD3E006BFB54 /* Build configuration list for PBXNativeTarget "Breadcrumb" */ = {
			isa = XCConfigurationList;
			buildConfigurations = (
				1D6058940D05DD3E006BFB54 /* Debug */,
				1D6058950D05DD3E006BFB54 /* Release */,
			);
			defaultConfigurationIsVisible = 0;
			defaultConfigurationName = Release;
		};
		C01FCF4E08A954540054247B /* Build configuration list for PBXProject "Breadcrumb" */ = {
			isa = XCConfigurationList;
			buildConfigurations = (
				C01FCF4F08A954540054247B /* Debug */,
				C01FCF5008A954540054247B /* Release */,
			);
			defaultConfigurationIsVisible = 0;
			defaultConfigurationName = Release;
		};
/* End XCConfigurationList section */
	};
	rootObject = 29B97313FDCFA39411CA2CEA /* Project object */;
}
